{
  "nodes": {
    "brew-src": {
      "flake": false,
      "locked": {
        "lastModified": 1763638478,
        "narHash": "sha256-n/IMowE9S23ovmTkKX7KhxXC2Yq41EAVFR2FBIXPcT8=",
        "owner": "Homebrew",
        "repo": "brew",
        "rev": "fbfdbaba008189499958a7aeb1e2c36ab10c067d",
        "type": "github"
      },
      "original": {
        "owner": "Homebrew",
        "ref": "5.0.3",
        "repo": "brew",
        "type": "github"
      }
    },
    "home-manager": {
      "inputs": {
        "nixpkgs": [
          "nixpkgs"
        ]
      },
      "locked": {
        "lastModified": 1768349483,
        "narHash": "sha256-dlWl/z/rdZmPGVexkYL1VLKBMU1e5Y1DZmQfiRf60cQ=",
        "owner": "nix-community",
        "repo": "home-manager",
        "rev": "c5d67517bbcaf37e15c416219c965cc707a0ca24",
        "type": "github"
      },
      "original": {
        "owner": "nix-community",
        "ref": "master",
        "repo": "home-manager",
        "type": "github"
      }
    },
    "nix-darwin": {
      "inputs": {
        "nixpkgs": [
          "nixpkgs"
        ]
      },
      "locked": {
        "lastModified": 1768220509,
        "narHash": "sha256-8wMrJP/Xk5Dkm0TxzaERLt3eGFEhHTWaJKUpK3AoL4o=",
        "owner": "nix-darwin",
        "repo": "nix-darwin",
        "rev": "7b1d394e7d9112d4060e12ef3271b38a7c43e83b",
        "type": "github"
      },
      "original": {
        "owner": "nix-darwin",
        "ref": "master",
        "repo": "nix-darwin",
        "type": "github"
      }
    },
    "nix-homebrew": {
      "inputs": {
        "brew-src": "brew-src"
      },
      "locked": {
        "lastModified": 1764473698,
        "narHash": "sha256-C91gPgv6udN5WuIZWNehp8qdLqlrzX6iF/YyboOj6XI=",
        "owner": "zhaofengli",
        "repo": "nix-homebrew",
        "rev": "6a8ab60bfd66154feeaa1021fc3b32684814a62a",
        "type": "github"
      },
      "original": {
        "owner": "zhaofengli",
        "ref": "main",
        "repo": "nix-homebrew",
        "type": "github"
      }
    },
    "nixpkgs": {
      "locked": {
        "lastModified": 1768356878,
        "narHash": "sha256-pII7ygssasOnueOEjILE/fMZIp3l3mSLCwnD1iflV6Q=",
        "owner": "NixOS",
        "repo": "nixpkgs",
        "rev": "f15fea6c4ef353c97e37d71a4c67fec7b0c9d49a",
        "type": "github"
      },
      "original": {
        "owner": "NixOS",
        "ref": "master",
        "repo": "nixpkgs",
        "type": "github"
      }
    },
    "root": {
      "inputs": {
        "home-manager": "home-manager",
        "nix-darwin": "nix-darwin",
        "nix-homebrew": "nix-homebrew",
        "nixpkgs": "nixpkgs"
      }
    }
  },
  "root": "root",
  "version": 7
}
